
Microsoft Visual Studio Solution File, Format Version 12.00
# Visual Studio Version 17
VisualStudioVersion = 17.14.36310.24
MinimumVisualStudioVersion = 10.0.40219.1
Project("{FAE04EC0-301F-11D3-BF4B-00C04F79EFBC}") = "School", "School\School.csproj", "{4D51FCF0-4372-49BD-BD8F-6A737D88DFE9}"
EndProject
Project("{FAE04EC0-301F-11D3-BF4B-00C04F79EFBC}") = "Domain", "Domain\Domain.csproj", "{5943C9D7-FCEA-4DFA-9E37-A31B64CAD648}"
EndProject
Project("{FAE04EC0-301F-11D3-BF4B-00C04F79EFBC}") = "Infrastructure", "Infrastructure\Infrastructure.csproj", "{90BA5F0F-C09B-40D9-ACA5-98438EA10A7F}"
EndProject
Project("{FAE04EC0-301F-11D3-BF4B-00C04F79EFBC}") = "Application", "Application\Application.csproj", "{F87FE2FE-1490-4E7E-B836-ECBF8C3E7261}"
EndProject
Global
	GlobalSection(SolutionConfigurationPlatforms) = preSolution
		Debug|Any CPU = Debug|Any CPU
		Release|Any CPU = Release|Any CPU
	EndGlobalSection
	GlobalSection(ProjectConfigurationPlatforms) = postSolution
		{4D51FCF0-4372-49BD-BD8F-6A737D88DFE9}.Debug|Any CPU.ActiveCfg = Debug|Any CPU
		{4D51FCF0-4372-49BD-BD8F-6A737D88DFE9}.Debug|Any CPU.Build.0 = Debug|Any CPU
		{4D51FCF0-4372-49BD-BD8F-6A737D88DFE9}.Release|Any CPU.ActiveCfg = Release|Any CPU
		{4D51FCF0-4372-49BD-BD8F-6A737D88DFE9}.Release|Any CPU.Build.0 = Release|Any CPU
		{5943C9D7-FCEA-4DFA-9E37-A31B64CAD648}.Debug|Any CPU.ActiveCfg = Debug|Any CPU
		{5943C9D7-FCEA-4DFA-9E37-A31B64CAD648}.Debug|Any CPU.Build.0 = Debug|Any CPU
		{5943C9D7-FCEA-4DFA-9E37-A31B64CAD648}.Release|Any CPU.ActiveCfg = Release|Any CPU
		{5943C9D7-FCEA-4DFA-9E37-A31B64CAD648}.Release|Any CPU.Build.0 = Release|Any CPU
		{90BA5F0F-C09B-40D9-ACA5-98438EA10A7F}.Debug|Any CPU.ActiveCfg = Debug|Any CPU
		{90BA5F0F-C09B-40D9-ACA5-98438EA10A7F}.Debug|Any CPU.Build.0 = Debug|Any CPU
		{90BA5F0F-C09B-40D9-ACA5-98438EA10A7F}.Release|Any CPU.ActiveCfg = Release|Any CPU
		{90BA5F0F-C09B-40D9-ACA5-98438EA10A7F}.Release|Any CPU.Build.0 = Release|Any CPU
		{F87FE2FE-1490-4E7E-B836-ECBF8C3E7261}.Debug|Any CPU.ActiveCfg = Debug|Any CPU
		{F87FE2FE-1490-4E7E-B836-ECBF8C3E7261}.Debug|Any CPU.Build.0 = Debug|Any CPU
		{F87FE2FE-1490-4E7E-B836-ECBF8C3E7261}.Release|Any CPU.ActiveCfg = Release|Any CPU
		{F87FE2FE-1490-4E7E-B836-ECBF8C3E7261}.Release|Any CPU.Build.0 = Release|Any CPU
	EndGlobalSection
	GlobalSection(SolutionProperties) = preSolution
		HideSolutionNode = FALSE
	EndGlobalSection
	GlobalSection(ExtensibilityGlobals) = postSolution
		SolutionGuid = {BB4FF00C-B87F-41AC-AEE3-2C152A0A1789}
	EndGlobalSection
EndGlobal
